
Microsoft Visual Studio Solution File, Format Version 12.00
# Visual Studio 14
VisualStudioVersion = 14.0.23107.0
MinimumVisualStudioVersion = 10.0.40219.1
Project("{8BC9CEB8-8B4A-11D0-8D11-00A0C91BC942}") = "Struct", "EsercitazioneStruct\EsercitazioneStruct.vcxproj", "{AD0CCEA5-EB25-4F1D-9366-9FABE208AD66}"
EndProject
Project("{8BC9CEB8-8B4A-11D0-8D11-00A0C91BC942}") = "Matrici", "Matrici\Matrici.vcxproj", "{D94DA414-9581-45F3-A5C3-A6CC8E86868B}"
EndProject
Project("{8BC9CEB8-8B4A-11D0-8D11-00A0C91BC942}") = "PreparazionePrimaProva", "PreparazionePrimaProva\PreparazionePrimaProva.vcxproj", "{B6318A50-CD12-40E4-81FF-13DFECFBE8E9}"
EndProject
Project("{8BC9CEB8-8B4A-11D0-8D11-00A0C91BC942}") = "Funzioni", "Funzioni\Funzioni.vcxproj", "{F577FD0B-5BE4-4877-B562-66254C55E009}"
EndProject
Project("{8BC9CEB8-8B4A-11D0-8D11-00A0C91BC942}") = "PreparazioneSecondaProva", "PreparazioneSecondaProva\PreparazioneSecondaProva.vcxproj", "{E8DBB708-8F5F-4FC3-9947-70AF530EB689}"
EndProject
Project("{8BC9CEB8-8B4A-11D0-8D11-00A0C91BC942}") = "Liste", "Liste\Liste.vcxproj", "{772371DC-2BEF-4E8F-975A-0D84275A5649}"
EndProject
Project("{8BC9CEB8-8B4A-11D0-8D11-00A0C91BC942}") = "EsArray", "EsArray\EsArray.vcxproj", "{2100DABB-87F6-44A0-90D5-BA23E6064021}"
EndProject
Global
	GlobalSection(SolutionConfigurationPlatforms) = preSolution
		Debug|Any CPU = Debug|Any CPU
		Debug|Mixed Platforms = Debug|Mixed Platforms
		Debug|Win32 = Debug|Win32
		Debug|x64 = Debug|x64
		Release|Any CPU = Release|Any CPU
		Release|Mixed Platforms = Release|Mixed Platforms
		Release|Win32 = Release|Win32
		Release|x64 = Release|x64
	EndGlobalSection
	GlobalSection(ProjectConfigurationPlatforms) = postSolution
		{AD0CCEA5-EB25-4F1D-9366-9FABE208AD66}.Debug|Any CPU.ActiveCfg = Debug|Win32
		{AD0CCEA5-EB25-4F1D-9366-9FABE208AD66}.Debug|Mixed Platforms.ActiveCfg = Debug|Win32
		{AD0CCEA5-EB25-4F1D-9366-9FABE208AD66}.Debug|Mixed Platforms.Build.0 = Debug|Win32
		{AD0CCEA5-EB25-4F1D-9366-9FABE208AD66}.Debug|Win32.ActiveCfg = Debug|Win32
		{AD0CCEA5-EB25-4F1D-9366-9FABE208AD66}.Debug|Win32.Build.0 = Debug|Win32
		{AD0CCEA5-EB25-4F1D-9366-9FABE208AD66}.Debug|x64.ActiveCfg = Debug|Win32
		{AD0CCEA5-EB25-4F1D-9366-9FABE208AD66}.Release|Any CPU.ActiveCfg = Release|Win32
		{AD0CCEA5-EB25-4F1D-9366-9FABE208AD66}.Release|Mixed Platforms.ActiveCfg = Release|Win32
		{AD0CCEA5-EB25-4F1D-9366-9FABE208AD66}.Release|Mixed Platforms.Build.0 = Release|Win32
		{AD0CCEA5-EB25-4F1D-9366-9FABE208AD66}.Release|Win32.ActiveCfg = Release|Win32
		{AD0CCEA5-EB25-4F1D-9366-9FABE208AD66}.Release|Win32.Build.0 = Release|Win32
		{AD0CCEA5-EB25-4F1D-9366-9FABE208AD66}.Release|x64.ActiveCfg = Release|Win32
		{D94DA414-9581-45F3-A5C3-A6CC8E86868B}.Debug|Any CPU.ActiveCfg = Debug|Win32
		{D94DA414-9581-45F3-A5C3-A6CC8E86868B}.Debug|Mixed Platforms.ActiveCfg = Debug|Win32
		{D94DA414-9581-45F3-A5C3-A6CC8E86868B}.Debug|Mixed Platforms.Build.0 = Debug|Win32
		{D94DA414-9581-45F3-A5C3-A6CC8E86868B}.Debug|Win32.ActiveCfg = Debug|Win32
		{D94DA414-9581-45F3-A5C3-A6CC8E86868B}.Debug|Win32.Build.0 = Debug|Win32
		{D94DA414-9581-45F3-A5C3-A6CC8E86868B}.Debug|x64.ActiveCfg = Debug|Win32
		{D94DA414-9581-45F3-A5C3-A6CC8E86868B}.Release|Any CPU.ActiveCfg = Release|Win32
		{D94DA414-9581-45F3-A5C3-A6CC8E86868B}.Release|Mixed Platforms.ActiveCfg = Release|Win32
		{D94DA414-9581-45F3-A5C3-A6CC8E86868B}.Release|Mixed Platforms.Build.0 = Release|Win32
		{D94DA414-9581-45F3-A5C3-A6CC8E86868B}.Release|Win32.ActiveCfg = Release|Win32
		{D94DA414-9581-45F3-A5C3-A6CC8E86868B}.Release|Win32.Build.0 = Release|Win32
		{D94DA414-9581-45F3-A5C3-A6CC8E86868B}.Release|x64.ActiveCfg = Release|Win32
		{B6318A50-CD12-40E4-81FF-13DFECFBE8E9}.Debug|Any CPU.ActiveCfg = Debug|Win32
		{B6318A50-CD12-40E4-81FF-13DFECFBE8E9}.Debug|Mixed Platforms.ActiveCfg = Debug|Win32
		{B6318A50-CD12-40E4-81FF-13DFECFBE8E9}.Debug|Mixed Platforms.Build.0 = Debug|Win32
		{B6318A50-CD12-40E4-81FF-13DFECFBE8E9}.Debug|Win32.ActiveCfg = Debug|Win32
		{B6318A50-CD12-40E4-81FF-13DFECFBE8E9}.Debug|Win32.Build.0 = Debug|Win32
		{B6318A50-CD12-40E4-81FF-13DFECFBE8E9}.Debug|x64.ActiveCfg = Debug|Win32
		{B6318A50-CD12-40E4-81FF-13DFECFBE8E9}.Release|Any CPU.ActiveCfg = Release|Win32
		{B6318A50-CD12-40E4-81FF-13DFECFBE8E9}.Release|Mixed Platforms.ActiveCfg = Release|Win32
		{B6318A50-CD12-40E4-81FF-13DFECFBE8E9}.Release|Mixed Platforms.Build.0 = Release|Win32
		{B6318A50-CD12-40E4-81FF-13DFECFBE8E9}.Release|Win32.ActiveCfg = Release|Win32
		{B6318A50-CD12-40E4-81FF-13DFECFBE8E9}.Release|Win32.Build.0 = Release|Win32
		{B6318A50-CD12-40E4-81FF-13DFECFBE8E9}.Release|x64.ActiveCfg = Release|Win32
		{F577FD0B-5BE4-4877-B562-66254C55E009}.Debug|Any CPU.ActiveCfg = Debug|Win32
		{F577FD0B-5BE4-4877-B562-66254C55E009}.Debug|Mixed Platforms.ActiveCfg = Debug|Win32
		{F577FD0B-5BE4-4877-B562-66254C55E009}.Debug|Mixed Platforms.Build.0 = Debug|Win32
		{F577FD0B-5BE4-4877-B562-66254C55E009}.Debug|Win32.ActiveCfg = Debug|Win32
		{F577FD0B-5BE4-4877-B562-66254C55E009}.Debug|Win32.Build.0 = Debug|Win32
		{F577FD0B-5BE4-4877-B562-66254C55E009}.Debug|x64.ActiveCfg = Debug|Win32
		{F577FD0B-5BE4-4877-B562-66254C55E009}.Release|Any CPU.ActiveCfg = Release|Win32
		{F577FD0B-5BE4-4877-B562-66254C55E009}.Release|Mixed Platforms.ActiveCfg = Release|Win32
		{F577FD0B-5BE4-4877-B562-66254C55E009}.Release|Mixed Platforms.Build.0 = Release|Win32
		{F577FD0B-5BE4-4877-B562-66254C55E009}.Release|Win32.ActiveCfg = Release|Win32
		{F577FD0B-5BE4-4877-B562-66254C55E009}.Release|Win32.Build.0 = Release|Win32
		{F577FD0B-5BE4-4877-B562-66254C55E009}.Release|x64.ActiveCfg = Release|Win32
		{E8DBB708-8F5F-4FC3-9947-70AF530EB689}.Debug|Any CPU.ActiveCfg = Debug|Win32
		{E8DBB708-8F5F-4FC3-9947-70AF530EB689}.Debug|Mixed Platforms.ActiveCfg = Debug|Win32
		{E8DBB708-8F5F-4FC3-9947-70AF530EB689}.Debug|Mixed Platforms.Build.0 = Debug|Win32
		{E8DBB708-8F5F-4FC3-9947-70AF530EB689}.Debug|Win32.ActiveCfg = Debug|Win32
		{E8DBB708-8F5F-4FC3-9947-70AF530EB689}.Debug|Win32.Build.0 = Debug|Win32
		{E8DBB708-8F5F-4FC3-9947-70AF530EB689}.Debug|x64.ActiveCfg = Debug|Win32
		{E8DBB708-8F5F-4FC3-9947-70AF530EB689}.Release|Any CPU.ActiveCfg = Release|Win32
		{E8DBB708-8F5F-4FC3-9947-70AF530EB689}.Release|Mixed Platforms.ActiveCfg = Release|Win32
		{E8DBB708-8F5F-4FC3-9947-70AF530EB689}.Release|Mixed Platforms.Build.0 = Release|Win32
		{E8DBB708-8F5F-4FC3-9947-70AF530EB689}.Release|Win32.ActiveCfg = Release|Win32
		{E8DBB708-8F5F-4FC3-9947-70AF530EB689}.Release|Win32.Build.0 = Release|Win32
		{E8DBB708-8F5F-4FC3-9947-70AF530EB689}.Release|x64.ActiveCfg = Release|Win32
		{772371DC-2BEF-4E8F-975A-0D84275A5649}.Debug|Any CPU.ActiveCfg = Debug|Win32
		{772371DC-2BEF-4E8F-975A-0D84275A5649}.Debug|Mixed Platforms.ActiveCfg = Debug|Win32
		{772371DC-2BEF-4E8F-975A-0D84275A5649}.Debug|Mixed Platforms.Build.0 = Debug|Win32
		{772371DC-2BEF-4E8F-975A-0D84275A5649}.Debug|Win32.ActiveCfg = Debug|Win32
		{772371DC-2BEF-4E8F-975A-0D84275A5649}.Debug|Win32.Build.0 = Debug|Win32
		{772371DC-2BEF-4E8F-975A-0D84275A5649}.Debug|x64.ActiveCfg = Debug|Win32
		{772371DC-2BEF-4E8F-975A-0D84275A5649}.Release|Any CPU.ActiveCfg = Release|Win32
		{772371DC-2BEF-4E8F-975A-0D84275A5649}.Release|Mixed Platforms.ActiveCfg = Release|Win32
		{772371DC-2BEF-4E8F-975A-0D84275A5649}.Release|Mixed Platforms.Build.0 = Release|Win32
		{772371DC-2BEF-4E8F-975A-0D84275A5649}.Release|Win32.ActiveCfg = Release|Win32
		{772371DC-2BEF-4E8F-975A-0D84275A5649}.Release|Win32.Build.0 = Release|Win32
		{772371DC-2BEF-4E8F-975A-0D84275A5649}.Release|x64.ActiveCfg = Release|Win32
		{2100DABB-87F6-44A0-90D5-BA23E6064021}.Debug|Any CPU.ActiveCfg = Debug|Win32
		{2100DABB-87F6-44A0-90D5-BA23E6064021}.Debug|Mixed Platforms.ActiveCfg = Debug|Win32
		{2100DABB-87F6-44A0-90D5-BA23E6064021}.Debug|Mixed Platforms.Build.0 = Debug|Win32
		{2100DABB-87F6-44A0-90D5-BA23E6064021}.Debug|Win32.ActiveCfg = Debug|Win32
		{2100DABB-87F6-44A0-90D5-BA23E6064021}.Debug|Win32.Build.0 = Debug|Win32
		{2100DABB-87F6-44A0-90D5-BA23E6064021}.Debug|x64.ActiveCfg = Debug|x64
		{2100DABB-87F6-44A0-90D5-BA23E6064021}.Debug|x64.Build.0 = Debug|x64
		{2100DABB-87F6-44A0-90D5-BA23E6064021}.Release|Any CPU.ActiveCfg = Release|Win32
		{2100DABB-87F6-44A0-90D5-BA23E6064021}.Release|Mixed Platforms.ActiveCfg = Release|Win32
		{2100DABB-87F6-44A0-90D5-BA23E6064021}.Release|Mixed Platforms.Build.0 = Release|Win32
		{2100DABB-87F6-44A0-90D5-BA23E6064021}.Release|Win32.ActiveCfg = Release|Win32
		{2100DABB-87F6-44A0-90D5-BA23E6064021}.Release|Win32.Build.0 = Release|Win32
		{2100DABB-87F6-44A0-90D5-BA23E6064021}.Release|x64.ActiveCfg = Release|x64
		{2100DABB-87F6-44A0-90D5-BA23E6064021}.Release|x64.Build.0 = Release|x64
	EndGlobalSection
	GlobalSection(SolutionProperties) = preSolution
		HideSolutionNode = FALSE
	EndGlobalSection
EndGlobal
